PODS:
  - Auk (8.0.2):
    - moa
  - Hero (1.1.0)
  - Koloda (4.3.1):
    - pop (~> 1.0)
  - moa (9.0.2)
  - pop (1.0.10)
  - SnapKit (4.0.0)

DEPENDENCIES:
  - Auk (~> 8.0)
  - Hero
  - Koloda (~> 4.3.1)
  - moa (~> 9.0)
  - SnapKit (~> 4.0.0)

SPEC CHECKSUMS:
  Auk: 82be62a2cf650437fe745c81b12ac2440a0f682c
  Hero: ce59e81c79390613d97b43da7179e2c5e1017e04
  Koloda: 0d39b2aa188ccd1fac48d752acaf9802e683c625
  moa: b73dc5e0efa1fad00711c4608e41b197f4d15b12
  pop: 82ca6b068ce9278fd350fd9dd09482a0ce9492e6
  SnapKit: a42d492c16e80209130a3379f73596c3454b7694

PODFILE CHECKSUM: cffebeb14e22d354664e837b305c43e00fe744f9

COCOAPODS: 1.4.0
