// !$*UTF8*$!
{
	archiveVersion = 1;
	classes = {
	};
	objectVersion = 48;
	objects = {

/* Begin PBXBuildFile section */
		2CF97BDA0B35E2AC2A8D5D2D /* Pods_Lez.framework in Frameworks */ = {isa = PBXBuildFile; fileRef = 1E58B31568E10AADEA24CBA8 /* Pods_Lez.framework */; };
		A562B95F20EB834F0006AA22 /* UIViewController+Utility.swift in Sources */ = {isa = PBXBuildFile; fileRef = A562B95E20EB834F0006AA22 /* UIViewController+Utility.swift */; };
		CF04FAE3204161A7001CB034 /* User.swift in Sources */ = {isa = PBXBuildFile; fileRef = CF04FAE2204161A7001CB034 /* User.swift */; };
		CF0C3F052066F57D0033ECCA /* MatchAnimation.json in Resources */ = {isa = PBXBuildFile; fileRef = CF0C3F042066F57D0033ECCA /* MatchAnimation.json */; };
		CF11E905209EF545007E3D1D /* Protocols.swift in Sources */ = {isa = PBXBuildFile; fileRef = CF11E904209EF545007E3D1D /* Protocols.swift */; };
		CF1A78AC20C32FD2001245B3 /* Constants.swift in Sources */ = {isa = PBXBuildFile; fileRef = CF1A78AB20C32FD2001245B3 /* Constants.swift */; };
		CF1A78AE20C33D6F001245B3 /* PurchaseManager.swift in Sources */ = {isa = PBXBuildFile; fileRef = CF1A78AD20C33D6F001245B3 /* PurchaseManager.swift */; };
		CF1C6C53206F631A0018DCD9 /* ImageGalleryViewController.swift in Sources */ = {isa = PBXBuildFile; fileRef = CF1C6C52206F631A0018DCD9 /* ImageGalleryViewController.swift */; };
		CF1C6C55206F68650018DCD9 /* ChatViewController.swift in Sources */ = {isa = PBXBuildFile; fileRef = CF1C6C54206F68650018DCD9 /* ChatViewController.swift */; };
		CF1C6C57206F68BE0018DCD9 /* ProfileViewController.swift in Sources */ = {isa = PBXBuildFile; fileRef = CF1C6C56206F68BE0018DCD9 /* ProfileViewController.swift */; };
		CF2DF207203C13170054CC1A /* AppDelegate.swift in Sources */ = {isa = PBXBuildFile; fileRef = CF2DF206203C13170054CC1A /* AppDelegate.swift */; };
		CF2DF211203C13170054CC1A /* LaunchScreen.storyboard in Resources */ = {isa = PBXBuildFile; fileRef = CF2DF20F203C13170054CC1A /* LaunchScreen.storyboard */; };
		CF2DF21C203C13180054CC1A /* LezTests.swift in Sources */ = {isa = PBXBuildFile; fileRef = CF2DF21B203C13180054CC1A /* LezTests.swift */; };
		CF2DF227203C13180054CC1A /* LezUITests.swift in Sources */ = {isa = PBXBuildFile; fileRef = CF2DF226203C13180054CC1A /* LezUITests.swift */; };
		CF321442209B61820035E235 /* SafariServices.framework in Frameworks */ = {isa = PBXBuildFile; fileRef = CF321441209B61820035E235 /* SafariServices.framework */; };
		CF3469A4204AD1B000550D3B /* CardFullscreenViewController.swift in Sources */ = {isa = PBXBuildFile; fileRef = CF3469A3204AD1B000550D3B /* CardFullscreenViewController.swift */; };
		CF360B3E2100896000785124 /* EmailLoginViewController.swift in Sources */ = {isa = PBXBuildFile; fileRef = CF360B3D2100896000785124 /* EmailLoginViewController.swift */; };
		CF360B402101E31800785124 /* CreateAccountViewController.swift in Sources */ = {isa = PBXBuildFile; fileRef = CF360B3F2101E31800785124 /* CreateAccountViewController.swift */; };
		CF425B4620679D8F00D6A1FE /* UserProfileFormViewController.swift in Sources */ = {isa = PBXBuildFile; fileRef = CF425B4520679D8F00D6A1FE /* UserProfileFormViewController.swift */; };
		CF63F31A20CD00D800C341BD /* GoogleService-Info DEVELOPMENT.plist in Resources */ = {isa = PBXBuildFile; fileRef = CF63F31920CD00D800C341BD /* GoogleService-Info DEVELOPMENT.plist */; };
		CF660D2020B96F040027E3AE /* Device.swift in Sources */ = {isa = PBXBuildFile; fileRef = CF660D1F20B96F040027E3AE /* Device.swift */; };
		CF6CE927209CE12D00EED316 /* GetPremiumViewController.swift in Sources */ = {isa = PBXBuildFile; fileRef = CF6CE926209CE12D00EED316 /* GetPremiumViewController.swift */; };
		CF7877F120A71685004E8693 /* ImagesViewController.swift in Sources */ = {isa = PBXBuildFile; fileRef = CF7877F020A71685004E8693 /* ImagesViewController.swift */; };
		CF7C6C6520B2BFF700CEE0D1 /* AnalyticsManager.swift in Sources */ = {isa = PBXBuildFile; fileRef = CF7C6C6420B2BFF700CEE0D1 /* AnalyticsManager.swift */; };
		CF8C5DFE2094C08C00538C67 /* MessagesViewController.swift in Sources */ = {isa = PBXBuildFile; fileRef = CF8C5DFD2094C08C00538C67 /* MessagesViewController.swift */; };
		CF8C5E002094C84F00538C67 /* Chat.swift in Sources */ = {isa = PBXBuildFile; fileRef = CF8C5DFF2094C84F00538C67 /* Chat.swift */; };
		CF9C7B9520A49B710044043B /* MatchViewController.swift in Sources */ = {isa = PBXBuildFile; fileRef = CF9C7B9420A49B710044043B /* MatchViewController.swift */; };
		CF9C7B9720A4B83A0044043B /* Assets.xcassets in Resources */ = {isa = PBXBuildFile; fileRef = CF9C7B9620A4B83A0044043B /* Assets.xcassets */; };
		CFA7842C20A9F2B4000DA074 /* SliderCell.swift in Sources */ = {isa = PBXBuildFile; fileRef = CFA7842B20A9F2B4000DA074 /* SliderCell.swift */; };
		CFA7842E20A9FC3F000DA074 /* CustomUIElements.swift in Sources */ = {isa = PBXBuildFile; fileRef = CFA7842D20A9FC3F000DA074 /* CustomUIElements.swift */; };
		CFB7C4C22066B15900114EC4 /* Extensions.swift in Sources */ = {isa = PBXBuildFile; fileRef = CFB7C4C12066B15900114EC4 /* Extensions.swift */; };
		CFB7C4C42066C86B00114EC4 /* FilterViewController.swift in Sources */ = {isa = PBXBuildFile; fileRef = CFB7C4C32066C86B00114EC4 /* FilterViewController.swift */; };
		CFBA29D620CDCAAF004D9D5F /* GoogleService-Info.plist in Resources */ = {isa = PBXBuildFile; fileRef = CFBA29D520CDCAAF004D9D5F /* GoogleService-Info.plist */; };
		CFC4E8F82070EBD900D8B8FA /* FirestoreManager.swift in Sources */ = {isa = PBXBuildFile; fileRef = CFC4E8F72070EBD900D8B8FA /* FirestoreManager.swift */; };
		CFC4E8FE207232BB00D8B8FA /* StoreKit.framework in Frameworks */ = {isa = PBXBuildFile; fileRef = CFC4E8FD207232BB00D8B8FA /* StoreKit.framework */; };
		CFDAE34F20B8647A0084A845 /* DeleteCell.swift in Sources */ = {isa = PBXBuildFile; fileRef = CFDAE34E20B8647A0084A845 /* DeleteCell.swift */; };
		CFE0BD672073DD810055FC73 /* CustomCells.swift in Sources */ = {isa = PBXBuildFile; fileRef = CFE0BD662073DD810055FC73 /* CustomCells.swift */; };
		CFE1E4ED206EB95A00A51D7A /* RegisterViewController.swift in Sources */ = {isa = PBXBuildFile; fileRef = CFE1E4EC206EB95A00A51D7A /* RegisterViewController.swift */; };
		CFF3676720AAF4E30092B948 /* PusherManager.swift in Sources */ = {isa = PBXBuildFile; fileRef = CFF3676620AAF4E30092B948 /* PusherManager.swift */; };
		CFF450AF20D6380F00A359AE /* Connectivity.swift in Sources */ = {isa = PBXBuildFile; fileRef = CFF450AE20D6380E00A359AE /* Connectivity.swift */; };
		CFF75A87206FF8E000D1F782 /* DefaultsManager.swift in Sources */ = {isa = PBXBuildFile; fileRef = CFF75A86206FF8E000D1F782 /* DefaultsManager.swift */; };
		E9D7FFFDCEAEF01F4F185E7F /* Pods_LezUITests.framework in Frameworks */ = {isa = PBXBuildFile; fileRef = 8B7D2F85208A120AD5A7981C /* Pods_LezUITests.framework */; };
		F5499322BA88768D95906C50 /* Pods_LezTests.framework in Frameworks */ = {isa = PBXBuildFile; fileRef = C134B7012B644B9A2F191F92 /* Pods_LezTests.framework */; };
/* End PBXBuildFile section */

/* Begin PBXContainerItemProxy section */
		CF2DF218203C13180054CC1A /* PBXContainerItemProxy */ = {
			isa = PBXContainerItemProxy;
			containerPortal = CF2DF1FB203C13170054CC1A /* Project object */;
			proxyType = 1;
			remoteGlobalIDString = CF2DF202203C13170054CC1A;
			remoteInfo = Lez;
		};
		CF2DF223203C13180054CC1A /* PBXContainerItemProxy */ = {
			isa = PBXContainerItemProxy;
			containerPortal = CF2DF1FB203C13170054CC1A /* Project object */;
			proxyType = 1;
			remoteGlobalIDString = CF2DF202203C13170054CC1A;
			remoteInfo = Lez;
		};
/* End PBXContainerItemProxy section */

/* Begin PBXFileReference section */
		1E58B31568E10AADEA24CBA8 /* Pods_Lez.framework */ = {isa = PBXFileReference; explicitFileType = wrapper.framework; includeInIndex = 0; path = Pods_Lez.framework; sourceTree = BUILT_PRODUCTS_DIR; };
		6CAD6F3612BC20F2CE4285E3 /* Pods-LezUITests.debug.xcconfig */ = {isa = PBXFileReference; includeInIndex = 1; lastKnownFileType = text.xcconfig; name = "Pods-LezUITests.debug.xcconfig"; path = "Pods/Target Support Files/Pods-LezUITests/Pods-LezUITests.debug.xcconfig"; sourceTree = "<group>"; };
		6F497C3FC76F2570DAF9A63C /* Pods-Lez.debug.xcconfig */ = {isa = PBXFileReference; includeInIndex = 1; lastKnownFileType = text.xcconfig; name = "Pods-Lez.debug.xcconfig"; path = "Pods/Target Support Files/Pods-Lez/Pods-Lez.debug.xcconfig"; sourceTree = "<group>"; };
		79A1C20A816427E1E920B6D5 /* Pods-LezTests.release.xcconfig */ = {isa = PBXFileReference; includeInIndex = 1; lastKnownFileType = text.xcconfig; name = "Pods-LezTests.release.xcconfig"; path = "Pods/Target Support Files/Pods-LezTests/Pods-LezTests.release.xcconfig"; sourceTree = "<group>"; };
		8B7D2F85208A120AD5A7981C /* Pods_LezUITests.framework */ = {isa = PBXFileReference; explicitFileType = wrapper.framework; includeInIndex = 0; path = Pods_LezUITests.framework; sourceTree = BUILT_PRODUCTS_DIR; };
		995FD6F90C26925180360E10 /* Pods-LezTests.debug.xcconfig */ = {isa = PBXFileReference; includeInIndex = 1; lastKnownFileType = text.xcconfig; name = "Pods-LezTests.debug.xcconfig"; path = "Pods/Target Support Files/Pods-LezTests/Pods-LezTests.debug.xcconfig"; sourceTree = "<group>"; };
		A562B95E20EB834F0006AA22 /* UIViewController+Utility.swift */ = {isa = PBXFileReference; lastKnownFileType = sourcecode.swift; path = "UIViewController+Utility.swift"; sourceTree = "<group>"; };
		B63A1FFF353B55FEA2A71D8E /* Pods-LezUITests.release.xcconfig */ = {isa = PBXFileReference; includeInIndex = 1; lastKnownFileType = text.xcconfig; name = "Pods-LezUITests.release.xcconfig"; path = "Pods/Target Support Files/Pods-LezUITests/Pods-LezUITests.release.xcconfig"; sourceTree = "<group>"; };
		C134B7012B644B9A2F191F92 /* Pods_LezTests.framework */ = {isa = PBXFileReference; explicitFileType = wrapper.framework; includeInIndex = 0; path = Pods_LezTests.framework; sourceTree = BUILT_PRODUCTS_DIR; };
		CF04FAE2204161A7001CB034 /* User.swift */ = {isa = PBXFileReference; lastKnownFileType = sourcecode.swift; path = User.swift; sourceTree = "<group>"; };
		CF0C3F042066F57D0033ECCA /* MatchAnimation.json */ = {isa = PBXFileReference; fileEncoding = 4; lastKnownFileType = text.json; path = MatchAnimation.json; sourceTree = "<group>"; };
		CF11E904209EF545007E3D1D /* Protocols.swift */ = {isa = PBXFileReference; lastKnownFileType = sourcecode.swift; path = Protocols.swift; sourceTree = "<group>"; };
		CF1A78AB20C32FD2001245B3 /* Constants.swift */ = {isa = PBXFileReference; lastKnownFileType = sourcecode.swift; path = Constants.swift; sourceTree = "<group>"; };
		CF1A78AD20C33D6F001245B3 /* PurchaseManager.swift */ = {isa = PBXFileReference; lastKnownFileType = sourcecode.swift; path = PurchaseManager.swift; sourceTree = "<group>"; };
		CF1C6C52206F631A0018DCD9 /* ImageGalleryViewController.swift */ = {isa = PBXFileReference; lastKnownFileType = sourcecode.swift; path = ImageGalleryViewController.swift; sourceTree = "<group>"; };
		CF1C6C54206F68650018DCD9 /* ChatViewController.swift */ = {isa = PBXFileReference; lastKnownFileType = sourcecode.swift; path = ChatViewController.swift; sourceTree = "<group>"; };
		CF1C6C56206F68BE0018DCD9 /* ProfileViewController.swift */ = {isa = PBXFileReference; lastKnownFileType = sourcecode.swift; path = ProfileViewController.swift; sourceTree = "<group>"; };
		CF2DF203203C13170054CC1A /* Lez.app */ = {isa = PBXFileReference; explicitFileType = wrapper.application; includeInIndex = 0; path = Lez.app; sourceTree = BUILT_PRODUCTS_DIR; };
		CF2DF206203C13170054CC1A /* AppDelegate.swift */ = {isa = PBXFileReference; lastKnownFileType = sourcecode.swift; path = AppDelegate.swift; sourceTree = "<group>"; };
		CF2DF210203C13170054CC1A /* Base */ = {isa = PBXFileReference; lastKnownFileType = file.storyboard; name = Base; path = Base.lproj/LaunchScreen.storyboard; sourceTree = "<group>"; };
		CF2DF212203C13170054CC1A /* Info.plist */ = {isa = PBXFileReference; lastKnownFileType = text.plist.xml; path = Info.plist; sourceTree = "<group>"; };
		CF2DF217203C13180054CC1A /* LezTests.xctest */ = {isa = PBXFileReference; explicitFileType = wrapper.cfbundle; includeInIndex = 0; path = LezTests.xctest; sourceTree = BUILT_PRODUCTS_DIR; };
		CF2DF21B203C13180054CC1A /* LezTests.swift */ = {isa = PBXFileReference; lastKnownFileType = sourcecode.swift; path = LezTests.swift; sourceTree = "<group>"; };
		CF2DF21D203C13180054CC1A /* Info.plist */ = {isa = PBXFileReference; lastKnownFileType = text.plist.xml; path = Info.plist; sourceTree = "<group>"; };
		CF2DF222203C13180054CC1A /* LezUITests.xctest */ = {isa = PBXFileReference; explicitFileType = wrapper.cfbundle; includeInIndex = 0; path = LezUITests.xctest; sourceTree = BUILT_PRODUCTS_DIR; };
		CF2DF226203C13180054CC1A /* LezUITests.swift */ = {isa = PBXFileReference; lastKnownFileType = sourcecode.swift; path = LezUITests.swift; sourceTree = "<group>"; };
		CF2DF228203C13180054CC1A /* Info.plist */ = {isa = PBXFileReference; lastKnownFileType = text.plist.xml; path = Info.plist; sourceTree = "<group>"; };
		CF321441209B61820035E235 /* SafariServices.framework */ = {isa = PBXFileReference; lastKnownFileType = wrapper.framework; name = SafariServices.framework; path = System/Library/Frameworks/SafariServices.framework; sourceTree = SDKROOT; };
		CF3469A3204AD1B000550D3B /* CardFullscreenViewController.swift */ = {isa = PBXFileReference; lastKnownFileType = sourcecode.swift; path = CardFullscreenViewController.swift; sourceTree = "<group>"; };
		CF360B3D2100896000785124 /* EmailLoginViewController.swift */ = {isa = PBXFileReference; lastKnownFileType = sourcecode.swift; path = EmailLoginViewController.swift; sourceTree = "<group>"; };
		CF360B3F2101E31800785124 /* CreateAccountViewController.swift */ = {isa = PBXFileReference; lastKnownFileType = sourcecode.swift; path = CreateAccountViewController.swift; sourceTree = "<group>"; };
		CF425B4520679D8F00D6A1FE /* UserProfileFormViewController.swift */ = {isa = PBXFileReference; lastKnownFileType = sourcecode.swift; path = UserProfileFormViewController.swift; sourceTree = "<group>"; };
		CF63F31920CD00D800C341BD /* GoogleService-Info DEVELOPMENT.plist */ = {isa = PBXFileReference; fileEncoding = 4; lastKnownFileType = text.plist.xml; path = "GoogleService-Info DEVELOPMENT.plist"; sourceTree = "<group>"; };
		CF660D1F20B96F040027E3AE /* Device.swift */ = {isa = PBXFileReference; lastKnownFileType = sourcecode.swift; path = Device.swift; sourceTree = "<group>"; };
		CF6CE926209CE12D00EED316 /* GetPremiumViewController.swift */ = {isa = PBXFileReference; lastKnownFileType = sourcecode.swift; path = GetPremiumViewController.swift; sourceTree = "<group>"; };
		CF7877F020A71685004E8693 /* ImagesViewController.swift */ = {isa = PBXFileReference; lastKnownFileType = sourcecode.swift; path = ImagesViewController.swift; sourceTree = "<group>"; };
		CF7C6C6420B2BFF700CEE0D1 /* AnalyticsManager.swift */ = {isa = PBXFileReference; lastKnownFileType = sourcecode.swift; path = AnalyticsManager.swift; sourceTree = "<group>"; };
		CF8C5DFD2094C08C00538C67 /* MessagesViewController.swift */ = {isa = PBXFileReference; lastKnownFileType = sourcecode.swift; path = MessagesViewController.swift; sourceTree = "<group>"; };
		CF8C5DFF2094C84F00538C67 /* Chat.swift */ = {isa = PBXFileReference; lastKnownFileType = sourcecode.swift; path = Chat.swift; sourceTree = "<group>"; };
		CF9C7B9420A49B710044043B /* MatchViewController.swift */ = {isa = PBXFileReference; lastKnownFileType = sourcecode.swift; path = MatchViewController.swift; sourceTree = "<group>"; };
		CF9C7B9620A4B83A0044043B /* Assets.xcassets */ = {isa = PBXFileReference; lastKnownFileType = folder.assetcatalog; path = Assets.xcassets; sourceTree = "<group>"; };
		CFA7842B20A9F2B4000DA074 /* SliderCell.swift */ = {isa = PBXFileReference; lastKnownFileType = sourcecode.swift; path = SliderCell.swift; sourceTree = "<group>"; };
		CFA7842D20A9FC3F000DA074 /* CustomUIElements.swift */ = {isa = PBXFileReference; lastKnownFileType = sourcecode.swift; path = CustomUIElements.swift; sourceTree = "<group>"; };
		CFB7C4C12066B15900114EC4 /* Extensions.swift */ = {isa = PBXFileReference; lastKnownFileType = sourcecode.swift; path = Extensions.swift; sourceTree = "<group>"; };
		CFB7C4C32066C86B00114EC4 /* FilterViewController.swift */ = {isa = PBXFileReference; lastKnownFileType = sourcecode.swift; path = FilterViewController.swift; sourceTree = "<group>"; };
		CFBA29D520CDCAAF004D9D5F /* GoogleService-Info.plist */ = {isa = PBXFileReference; fileEncoding = 4; lastKnownFileType = text.plist.xml; path = "GoogleService-Info.plist"; sourceTree = "<group>"; };
		CFC4E8F72070EBD900D8B8FA /* FirestoreManager.swift */ = {isa = PBXFileReference; lastKnownFileType = sourcecode.swift; path = FirestoreManager.swift; sourceTree = "<group>"; };
		CFC4E8FC207232B200D8B8FA /* Lez.entitlements */ = {isa = PBXFileReference; lastKnownFileType = text.plist.entitlements; path = Lez.entitlements; sourceTree = "<group>"; };
		CFC4E8FD207232BB00D8B8FA /* StoreKit.framework */ = {isa = PBXFileReference; lastKnownFileType = wrapper.framework; name = StoreKit.framework; path = System/Library/Frameworks/StoreKit.framework; sourceTree = SDKROOT; };
		CFDAE34E20B8647A0084A845 /* DeleteCell.swift */ = {isa = PBXFileReference; lastKnownFileType = sourcecode.swift; path = DeleteCell.swift; sourceTree = "<group>"; };
		CFE0BD662073DD810055FC73 /* CustomCells.swift */ = {isa = PBXFileReference; lastKnownFileType = sourcecode.swift; path = CustomCells.swift; sourceTree = "<group>"; };
		CFE1E4EC206EB95A00A51D7A /* RegisterViewController.swift */ = {isa = PBXFileReference; lastKnownFileType = sourcecode.swift; path = RegisterViewController.swift; sourceTree = "<group>"; };
		CFF3676620AAF4E30092B948 /* PusherManager.swift */ = {isa = PBXFileReference; lastKnownFileType = sourcecode.swift; path = PusherManager.swift; sourceTree = "<group>"; };
		CFF450AE20D6380E00A359AE /* Connectivity.swift */ = {isa = PBXFileReference; lastKnownFileType = sourcecode.swift; path = Connectivity.swift; sourceTree = "<group>"; };
		CFF75A86206FF8E000D1F782 /* DefaultsManager.swift */ = {isa = PBXFileReference; lastKnownFileType = sourcecode.swift; path = DefaultsManager.swift; sourceTree = "<group>"; };
		F33FC80E34843D888559C645 /* Pods-Lez.release.xcconfig */ = {isa = PBXFileReference; includeInIndex = 1; lastKnownFileType = text.xcconfig; name = "Pods-Lez.release.xcconfig"; path = "Pods/Target Support Files/Pods-Lez/Pods-Lez.release.xcconfig"; sourceTree = "<group>"; };
/* End PBXFileReference section */

/* Begin PBXFrameworksBuildPhase section */
		CF2DF200203C13170054CC1A /* Frameworks */ = {
			isa = PBXFrameworksBuildPhase;
			buildActionMask = 2147483647;
			files = (
				CF321442209B61820035E235 /* SafariServices.framework in Frameworks */,
				CFC4E8FE207232BB00D8B8FA /* StoreKit.framework in Frameworks */,
				2CF97BDA0B35E2AC2A8D5D2D /* Pods_Lez.framework in Frameworks */,
			);
			runOnlyForDeploymentPostprocessing = 0;
		};
		CF2DF214203C13180054CC1A /* Frameworks */ = {
			isa = PBXFrameworksBuildPhase;
			buildActionMask = 2147483647;
			files = (
				F5499322BA88768D95906C50 /* Pods_LezTests.framework in Frameworks */,
			);
			runOnlyForDeploymentPostprocessing = 0;
		};
		CF2DF21F203C13180054CC1A /* Frameworks */ = {
			isa = PBXFrameworksBuildPhase;
			buildActionMask = 2147483647;
			files = (
				E9D7FFFDCEAEF01F4F185E7F /* Pods_LezUITests.framework in Frameworks */,
			);
			runOnlyForDeploymentPostprocessing = 0;
		};
/* End PBXFrameworksBuildPhase section */

/* Begin PBXGroup section */
		C16DD1FB87469D73CF41D997 /* Pods */ = {
			isa = PBXGroup;
			children = (
				6F497C3FC76F2570DAF9A63C /* Pods-Lez.debug.xcconfig */,
				F33FC80E34843D888559C645 /* Pods-Lez.release.xcconfig */,
				995FD6F90C26925180360E10 /* Pods-LezTests.debug.xcconfig */,
				79A1C20A816427E1E920B6D5 /* Pods-LezTests.release.xcconfig */,
				6CAD6F3612BC20F2CE4285E3 /* Pods-LezUITests.debug.xcconfig */,
				B63A1FFF353B55FEA2A71D8E /* Pods-LezUITests.release.xcconfig */,
			);
			name = Pods;
			sourceTree = "<group>";
		};
		CF2DF1FA203C13170054CC1A = {
			isa = PBXGroup;
			children = (
				CF2DF205203C13170054CC1A /* Lez */,
				CF2DF21A203C13180054CC1A /* LezTests */,
				CF2DF225203C13180054CC1A /* LezUITests */,
				CF2DF204203C13170054CC1A /* Products */,
				D0CF37AAC26CFC2A18C5A98F /* Frameworks */,
				C16DD1FB87469D73CF41D997 /* Pods */,
			);
			sourceTree = "<group>";
		};
		CF2DF204203C13170054CC1A /* Products */ = {
			isa = PBXGroup;
			children = (
				CF2DF203203C13170054CC1A /* Lez.app */,
				CF2DF217203C13180054CC1A /* LezTests.xctest */,
				CF2DF222203C13180054CC1A /* LezUITests.xctest */,
			);
			name = Products;
			sourceTree = "<group>";
		};
		CF2DF205203C13170054CC1A /* Lez */ = {
			isa = PBXGroup;
			children = (
				CFC4E8FC207232B200D8B8FA /* Lez.entitlements */,
				CF2DF20F203C13170054CC1A /* LaunchScreen.storyboard */,
				CF2DF212203C13170054CC1A /* Info.plist */,
				CFC4E8F92070ED6900D8B8FA /* Managers */,
				CF425B472067EA3F00D6A1FE /* Controllers */,
				CF425B482067EA4E00D6A1FE /* Models */,
				CF425B492067EA6000D6A1FE /* Trash Candidate */,
				CF425B4A2067EA6E00D6A1FE /* Util */,
			);
			path = Lez;
			sourceTree = "<group>";
		};
		CF2DF21A203C13180054CC1A /* LezTests */ = {
			isa = PBXGroup;
			children = (
				CF2DF21B203C13180054CC1A /* LezTests.swift */,
				CF2DF21D203C13180054CC1A /* Info.plist */,
			);
			path = LezTests;
			sourceTree = "<group>";
		};
		CF2DF225203C13180054CC1A /* LezUITests */ = {
			isa = PBXGroup;
			children = (
				CF2DF226203C13180054CC1A /* LezUITests.swift */,
				CF2DF228203C13180054CC1A /* Info.plist */,
			);
			path = LezUITests;
			sourceTree = "<group>";
		};
		CF425B472067EA3F00D6A1FE /* Controllers */ = {
			isa = PBXGroup;
			children = (
				CF3469A3204AD1B000550D3B /* CardFullscreenViewController.swift */,
				CFB7C4C32066C86B00114EC4 /* FilterViewController.swift */,
				CFE1E4EC206EB95A00A51D7A /* RegisterViewController.swift */,
				CF360B3D2100896000785124 /* EmailLoginViewController.swift */,
				CF360B3F2101E31800785124 /* CreateAccountViewController.swift */,
				CF425B4520679D8F00D6A1FE /* UserProfileFormViewController.swift */,
				CF7877F020A71685004E8693 /* ImagesViewController.swift */,
				CF1C6C56206F68BE0018DCD9 /* ProfileViewController.swift */,
				CF1C6C54206F68650018DCD9 /* ChatViewController.swift */,
				CF8C5DFD2094C08C00538C67 /* MessagesViewController.swift */,
				CF6CE926209CE12D00EED316 /* GetPremiumViewController.swift */,
				CF9C7B9420A49B710044043B /* MatchViewController.swift */,
			);
			path = Controllers;
			sourceTree = "<group>";
		};
		CF425B482067EA4E00D6A1FE /* Models */ = {
			isa = PBXGroup;
			children = (
				CF04FAE2204161A7001CB034 /* User.swift */,
				CF8C5DFF2094C84F00538C67 /* Chat.swift */,
			);
			path = Models;
			sourceTree = "<group>";
		};
		CF425B492067EA6000D6A1FE /* Trash Candidate */ = {
			isa = PBXGroup;
			children = (
				CF1C6C52206F631A0018DCD9 /* ImageGalleryViewController.swift */,
			);
			path = "Trash Candidate";
			sourceTree = "<group>";
		};
		CF425B4A2067EA6E00D6A1FE /* Util */ = {
			isa = PBXGroup;
			children = (
				CF9C7B9620A4B83A0044043B /* Assets.xcassets */,
				CF63F31920CD00D800C341BD /* GoogleService-Info DEVELOPMENT.plist */,
				CFBA29D520CDCAAF004D9D5F /* GoogleService-Info.plist */,
				CF0C3F042066F57D0033ECCA /* MatchAnimation.json */,
				CF2DF206203C13170054CC1A /* AppDelegate.swift */,
				CFB7C4C12066B15900114EC4 /* Extensions.swift */,
				CFE0BD662073DD810055FC73 /* CustomCells.swift */,
				CF11E904209EF545007E3D1D /* Protocols.swift */,
				CFA7842B20A9F2B4000DA074 /* SliderCell.swift */,
				CFDAE34E20B8647A0084A845 /* DeleteCell.swift */,
				CFA7842D20A9FC3F000DA074 /* CustomUIElements.swift */,
				A562B95E20EB834F0006AA22 /* UIViewController+Utility.swift */,
			);
			path = Util;
			sourceTree = "<group>";
		};
		CFC4E8F92070ED6900D8B8FA /* Managers */ = {
			isa = PBXGroup;
			children = (
				CFF75A86206FF8E000D1F782 /* DefaultsManager.swift */,
				CFC4E8F72070EBD900D8B8FA /* FirestoreManager.swift */,
				CFF3676620AAF4E30092B948 /* PusherManager.swift */,
				CF7C6C6420B2BFF700CEE0D1 /* AnalyticsManager.swift */,
				CF660D1F20B96F040027E3AE /* Device.swift */,
				CF1A78AB20C32FD2001245B3 /* Constants.swift */,
				CF1A78AD20C33D6F001245B3 /* PurchaseManager.swift */,
				CFF450AE20D6380E00A359AE /* Connectivity.swift */,
			);
			path = Managers;
			sourceTree = "<group>";
		};
		D0CF37AAC26CFC2A18C5A98F /* Frameworks */ = {
			isa = PBXGroup;
			children = (
				CF321441209B61820035E235 /* SafariServices.framework */,
				CFC4E8FD207232BB00D8B8FA /* StoreKit.framework */,
				1E58B31568E10AADEA24CBA8 /* Pods_Lez.framework */,
				C134B7012B644B9A2F191F92 /* Pods_LezTests.framework */,
				8B7D2F85208A120AD5A7981C /* Pods_LezUITests.framework */,
			);
			name = Frameworks;
			sourceTree = "<group>";
		};
/* End PBXGroup section */

/* Begin PBXNativeTarget section */
		CF2DF202203C13170054CC1A /* Lez */ = {
			isa = PBXNativeTarget;
			buildConfigurationList = CF2DF22B203C13180054CC1A /* Build configuration list for PBXNativeTarget "Lez" */;
			buildPhases = (
				658CEF3C52C2BD2EF0409815 /* [CP] Check Pods Manifest.lock */,
				CF2DF1FF203C13170054CC1A /* Sources */,
				CF2DF200203C13170054CC1A /* Frameworks */,
				CF2DF201203C13170054CC1A /* Resources */,
				CFEC6D42211B1880001E373D /* ShellScript */,
				CF682BE720B97C0500D3107E /* ShellScript */,
				493183BB0385D6B5A6597ECC /* [CP] Embed Pods Frameworks */,
				0A80870BBAE590E82E4520E8 /* [CP] Copy Pods Resources */,
			);
			buildRules = (
			);
			dependencies = (
			);
			name = Lez;
			productName = Lez;
			productReference = CF2DF203203C13170054CC1A /* Lez.app */;
			productType = "com.apple.product-type.application";
		};
		CF2DF216203C13180054CC1A /* LezTests */ = {
			isa = PBXNativeTarget;
			buildConfigurationList = CF2DF22E203C13180054CC1A /* Build configuration list for PBXNativeTarget "LezTests" */;
			buildPhases = (
				D2F332E2687B28554C691DDB /* [CP] Check Pods Manifest.lock */,
				CF2DF213203C13180054CC1A /* Sources */,
				CF2DF214203C13180054CC1A /* Frameworks */,
				CF2DF215203C13180054CC1A /* Resources */,
			);
			buildRules = (
			);
			dependencies = (
				CF2DF219203C13180054CC1A /* PBXTargetDependency */,
			);
			name = LezTests;
			productName = LezTests;
			productReference = CF2DF217203C13180054CC1A /* LezTests.xctest */;
			productType = "com.apple.product-type.bundle.unit-test";
		};
		CF2DF221203C13180054CC1A /* LezUITests */ = {
			isa = PBXNativeTarget;
			buildConfigurationList = CF2DF231203C13180054CC1A /* Build configuration list for PBXNativeTarget "LezUITests" */;
			buildPhases = (
				41EFD20DD8E42D7FFB8CDEFA /* [CP] Check Pods Manifest.lock */,
				CF2DF21E203C13180054CC1A /* Sources */,
				CF2DF21F203C13180054CC1A /* Frameworks */,
				CF2DF220203C13180054CC1A /* Resources */,
			);
			buildRules = (
			);
			dependencies = (
				CF2DF224203C13180054CC1A /* PBXTargetDependency */,
			);
			name = LezUITests;
			productName = LezUITests;
			productReference = CF2DF222203C13180054CC1A /* LezUITests.xctest */;
			productType = "com.apple.product-type.bundle.ui-testing";
		};
/* End PBXNativeTarget section */

/* Begin PBXProject section */
		CF2DF1FB203C13170054CC1A /* Project object */ = {
			isa = PBXProject;
			attributes = {
				LastSwiftUpdateCheck = 0920;
				LastUpgradeCheck = 0930;
				ORGANIZATIONNAME = "Antonija Pek";
				TargetAttributes = {
					CF2DF202203C13170054CC1A = {
						CreatedOnToolsVersion = 9.2;
						ProvisioningStyle = Automatic;
						SystemCapabilities = {
							com.apple.BackgroundModes = {
								enabled = 1;
							};
							com.apple.InAppPurchase = {
								enabled = 1;
							};
							com.apple.Push = {
								enabled = 1;
							};
						};
					};
					CF2DF216203C13180054CC1A = {
						CreatedOnToolsVersion = 9.2;
						ProvisioningStyle = Automatic;
						TestTargetID = CF2DF202203C13170054CC1A;
					};
					CF2DF221203C13180054CC1A = {
						CreatedOnToolsVersion = 9.2;
						ProvisioningStyle = Automatic;
						TestTargetID = CF2DF202203C13170054CC1A;
					};
				};
			};
			buildConfigurationList = CF2DF1FE203C13170054CC1A /* Build configuration list for PBXProject "Lez" */;
			compatibilityVersion = "Xcode 8.0";
			developmentRegion = en;
			hasScannedForEncodings = 0;
			knownRegions = (
				en,
				Base,
			);
			mainGroup = CF2DF1FA203C13170054CC1A;
			productRefGroup = CF2DF204203C13170054CC1A /* Products */;
			projectDirPath = "";
			projectRoot = "";
			targets = (
				CF2DF202203C13170054CC1A /* Lez */,
				CF2DF216203C13180054CC1A /* LezTests */,
				CF2DF221203C13180054CC1A /* LezUITests */,
			);
		};
/* End PBXProject section */

/* Begin PBXResourcesBuildPhase section */
		CF2DF201203C13170054CC1A /* Resources */ = {
			isa = PBXResourcesBuildPhase;
			buildActionMask = 2147483647;
			files = (
				CFBA29D620CDCAAF004D9D5F /* GoogleService-Info.plist in Resources */,
				CF0C3F052066F57D0033ECCA /* MatchAnimation.json in Resources */,
				CF63F31A20CD00D800C341BD /* GoogleService-Info DEVELOPMENT.plist in Resources */,
				CF9C7B9720A4B83A0044043B /* Assets.xcassets in Resources */,
				CF2DF211203C13170054CC1A /* LaunchScreen.storyboard in Resources */,
			);
			runOnlyForDeploymentPostprocessing = 0;
		};
		CF2DF215203C13180054CC1A /* Resources */ = {
			isa = PBXResourcesBuildPhase;
			buildActionMask = 2147483647;
			files = (
			);
			runOnlyForDeploymentPostprocessing = 0;
		};
		CF2DF220203C13180054CC1A /* Resources */ = {
			isa = PBXResourcesBuildPhase;
			buildActionMask = 2147483647;
			files = (
			);
			runOnlyForDeploymentPostprocessing = 0;
		};
/* End PBXResourcesBuildPhase section */

/* Begin PBXShellScriptBuildPhase section */
		0A80870BBAE590E82E4520E8 /* [CP] Copy Pods Resources */ = {
			isa = PBXShellScriptBuildPhase;
			buildActionMask = 2147483647;
			files = (
			);
			inputPaths = (
				"${SRCROOT}/Pods/Target Support Files/Pods-Lez/Pods-Lez-resources.sh",
				"${PODS_ROOT}/TwitterKit/iOS/TwitterKit.framework/TwitterKitResources.bundle",
			);
			name = "[CP] Copy Pods Resources";
			outputPaths = (
				"${TARGET_BUILD_DIR}/${UNLOCALIZED_RESOURCES_FOLDER_PATH}/TwitterKitResources.bundle",
			);
			runOnlyForDeploymentPostprocessing = 0;
			shellPath = /bin/sh;
			shellScript = "\"${SRCROOT}/Pods/Target Support Files/Pods-Lez/Pods-Lez-resources.sh\"\n";
			showEnvVarsInLog = 0;
		};
		41EFD20DD8E42D7FFB8CDEFA /* [CP] Check Pods Manifest.lock */ = {
			isa = PBXShellScriptBuildPhase;
			buildActionMask = 2147483647;
			files = (
			);
			inputPaths = (
				"${PODS_PODFILE_DIR_PATH}/Podfile.lock",
				"${PODS_ROOT}/Manifest.lock",
			);
			name = "[CP] Check Pods Manifest.lock";
			outputPaths = (
				"$(DERIVED_FILE_DIR)/Pods-LezUITests-checkManifestLockResult.txt",
			);
			runOnlyForDeploymentPostprocessing = 0;
			shellPath = /bin/sh;
			shellScript = "diff \"${PODS_PODFILE_DIR_PATH}/Podfile.lock\" \"${PODS_ROOT}/Manifest.lock\" > /dev/null\nif [ $? != 0 ] ; then\n    # print error to STDERR\n    echo \"error: The sandbox is not in sync with the Podfile.lock. Run 'pod install' or update your CocoaPods installation.\" >&2\n    exit 1\nfi\n# This output is used by Xcode 'outputs' to avoid re-running this script phase.\necho \"SUCCESS\" > \"${SCRIPT_OUTPUT_FILE_0}\"\n";
			showEnvVarsInLog = 0;
		};
		493183BB0385D6B5A6597ECC /* [CP] Embed Pods Frameworks */ = {
			isa = PBXShellScriptBuildPhase;
			buildActionMask = 2147483647;
			files = (
			);
			inputPaths = (
				"${SRCROOT}/Pods/Target Support Files/Pods-Lez/Pods-Lez-frameworks.sh",
				"${BUILT_PRODUCTS_DIR}/Alamofire/Alamofire.framework",
				"${BUILT_PRODUCTS_DIR}/AlamofireImage/AlamofireImage.framework",
				"${BUILT_PRODUCTS_DIR}/Alertift/Alertift.framework",
				"${BUILT_PRODUCTS_DIR}/Bolts/Bolts.framework",
				"${BUILT_PRODUCTS_DIR}/BoringSSL/openssl.framework",
				"${BUILT_PRODUCTS_DIR}/CryptoSwift/CryptoSwift.framework",
				"${BUILT_PRODUCTS_DIR}/Eureka/Eureka.framework",
				"${BUILT_PRODUCTS_DIR}/FBSDKCoreKit/FBSDKCoreKit.framework",
				"${BUILT_PRODUCTS_DIR}/FBSDKLoginKit/FBSDKLoginKit.framework",
				"${BUILT_PRODUCTS_DIR}/FBSDKShareKit/FBSDKShareKit.framework",
				"${BUILT_PRODUCTS_DIR}/FacebookCore/FacebookCore.framework",
				"${BUILT_PRODUCTS_DIR}/FacebookLogin/FacebookLogin.framework",
				"${BUILT_PRODUCTS_DIR}/FacebookShare/FacebookShare.framework",
				"${BUILT_PRODUCTS_DIR}/Flurry-iOS-SDK/Flurry_iOS_SDK.framework",
				"${BUILT_PRODUCTS_DIR}/GBDeviceInfo/GBDeviceInfo.framework",
				"${BUILT_PRODUCTS_DIR}/GTMSessionFetcher/GTMSessionFetcher.framework",
				"${BUILT_PRODUCTS_DIR}/GooglePlacesRow/GooglePlacesRow.framework",
				"${BUILT_PRODUCTS_DIR}/GoogleUtilities/GoogleUtilities.framework",
				"${BUILT_PRODUCTS_DIR}/ImageSlideshow/ImageSlideshow.framework",
				"${BUILT_PRODUCTS_DIR}/JGProgressHUD/JGProgressHUD.framework",
				"${BUILT_PRODUCTS_DIR}/Jelly/Jelly.framework",
				"${BUILT_PRODUCTS_DIR}/PromisesObjC/FBLPromises.framework",
				"${BUILT_PRODUCTS_DIR}/PromisesSwift/Promises.framework",
				"${BUILT_PRODUCTS_DIR}/Protobuf/Protobuf.framework",
				"${BUILT_PRODUCTS_DIR}/PushNotifications/PushNotifications.framework",
				"${BUILT_PRODUCTS_DIR}/PusherSwift/PusherSwift.framework",
				"${BUILT_PRODUCTS_DIR}/RangeSeekSlider/RangeSeekSlider.framework",
				"${BUILT_PRODUCTS_DIR}/ReachabilitySwift/Reachability.framework",
				"${BUILT_PRODUCTS_DIR}/SDWebImage/SDWebImage.framework",
				"${BUILT_PRODUCTS_DIR}/SnapKit/SnapKit.framework",
				"${BUILT_PRODUCTS_DIR}/Spring/Spring.framework",
				"${BUILT_PRODUCTS_DIR}/Starscream/Starscream.framework",
				"${BUILT_PRODUCTS_DIR}/SwiftDate/SwiftDate.framework",
				"${BUILT_PRODUCTS_DIR}/SwiftyJSON/SwiftyJSON.framework",
				"${BUILT_PRODUCTS_DIR}/SwiftyStoreKit/SwiftyStoreKit.framework",
				"${BUILT_PRODUCTS_DIR}/TaskQueue/TaskQueue.framework",
				"${BUILT_PRODUCTS_DIR}/Toast-Swift/Toast_Swift.framework",
				"${PODS_ROOT}/TwitterCore/iOS/TwitterCore.framework",
				"${PODS_ROOT}/TwitterKit/iOS/TwitterKit.framework",
				"${BUILT_PRODUCTS_DIR}/gRPC/GRPCClient.framework",
				"${BUILT_PRODUCTS_DIR}/gRPC-Core/grpc.framework",
				"${BUILT_PRODUCTS_DIR}/gRPC-ProtoRPC/ProtoRPC.framework",
				"${BUILT_PRODUCTS_DIR}/gRPC-RxLibrary/RxLibrary.framework",
				"${BUILT_PRODUCTS_DIR}/leveldb-library/leveldb.framework",
				"${BUILT_PRODUCTS_DIR}/nanopb/nanopb.framework",
			);
			name = "[CP] Embed Pods Frameworks";
			outputPaths = (
				"${TARGET_BUILD_DIR}/${FRAMEWORKS_FOLDER_PATH}/Alamofire.framework",
				"${TARGET_BUILD_DIR}/${FRAMEWORKS_FOLDER_PATH}/AlamofireImage.framework",
				"${TARGET_BUILD_DIR}/${FRAMEWORKS_FOLDER_PATH}/Alertift.framework",
				"${TARGET_BUILD_DIR}/${FRAMEWORKS_FOLDER_PATH}/Bolts.framework",
				"${TARGET_BUILD_DIR}/${FRAMEWORKS_FOLDER_PATH}/openssl.framework",
				"${TARGET_BUILD_DIR}/${FRAMEWORKS_FOLDER_PATH}/CryptoSwift.framework",
				"${TARGET_BUILD_DIR}/${FRAMEWORKS_FOLDER_PATH}/Eureka.framework",
				"${TARGET_BUILD_DIR}/${FRAMEWORKS_FOLDER_PATH}/FBSDKCoreKit.framework",
				"${TARGET_BUILD_DIR}/${FRAMEWORKS_FOLDER_PATH}/FBSDKLoginKit.framework",
				"${TARGET_BUILD_DIR}/${FRAMEWORKS_FOLDER_PATH}/FBSDKShareKit.framework",
				"${TARGET_BUILD_DIR}/${FRAMEWORKS_FOLDER_PATH}/FacebookCore.framework",
				"${TARGET_BUILD_DIR}/${FRAMEWORKS_FOLDER_PATH}/FacebookLogin.framework",
				"${TARGET_BUILD_DIR}/${FRAMEWORKS_FOLDER_PATH}/FacebookShare.framework",
				"${TARGET_BUILD_DIR}/${FRAMEWORKS_FOLDER_PATH}/Flurry_iOS_SDK.framework",
				"${TARGET_BUILD_DIR}/${FRAMEWORKS_FOLDER_PATH}/GBDeviceInfo.framework",
				"${TARGET_BUILD_DIR}/${FRAMEWORKS_FOLDER_PATH}/GTMSessionFetcher.framework",
				"${TARGET_BUILD_DIR}/${FRAMEWORKS_FOLDER_PATH}/GooglePlacesRow.framework",
				"${TARGET_BUILD_DIR}/${FRAMEWORKS_FOLDER_PATH}/GoogleUtilities.framework",
				"${TARGET_BUILD_DIR}/${FRAMEWORKS_FOLDER_PATH}/ImageSlideshow.framework",
				"${TARGET_BUILD_DIR}/${FRAMEWORKS_FOLDER_PATH}/JGProgressHUD.framework",
				"${TARGET_BUILD_DIR}/${FRAMEWORKS_FOLDER_PATH}/Jelly.framework",
				"${TARGET_BUILD_DIR}/${FRAMEWORKS_FOLDER_PATH}/FBLPromises.framework",
				"${TARGET_BUILD_DIR}/${FRAMEWORKS_FOLDER_PATH}/Promises.framework",
				"${TARGET_BUILD_DIR}/${FRAMEWORKS_FOLDER_PATH}/Protobuf.framework",
				"${TARGET_BUILD_DIR}/${FRAMEWORKS_FOLDER_PATH}/PushNotifications.framework",
				"${TARGET_BUILD_DIR}/${FRAMEWORKS_FOLDER_PATH}/PusherSwift.framework",
				"${TARGET_BUILD_DIR}/${FRAMEWORKS_FOLDER_PATH}/RangeSeekSlider.framework",
				"${TARGET_BUILD_DIR}/${FRAMEWORKS_FOLDER_PATH}/Reachability.framework",
				"${TARGET_BUILD_DIR}/${FRAMEWORKS_FOLDER_PATH}/SDWebImage.framework",
				"${TARGET_BUILD_DIR}/${FRAMEWORKS_FOLDER_PATH}/SnapKit.framework",
				"${TARGET_BUILD_DIR}/${FRAMEWORKS_FOLDER_PATH}/Spring.framework",
				"${TARGET_BUILD_DIR}/${FRAMEWORKS_FOLDER_PATH}/Starscream.framework",
				"${TARGET_BUILD_DIR}/${FRAMEWORKS_FOLDER_PATH}/SwiftDate.framework",
				"${TARGET_BUILD_DIR}/${FRAMEWORKS_FOLDER_PATH}/SwiftyJSON.framework",
				"${TARGET_BUILD_DIR}/${FRAMEWORKS_FOLDER_PATH}/SwiftyStoreKit.framework",
				"${TARGET_BUILD_DIR}/${FRAMEWORKS_FOLDER_PATH}/TaskQueue.framework",
				"${TARGET_BUILD_DIR}/${FRAMEWORKS_FOLDER_PATH}/Toast_Swift.framework",
				"${TARGET_BUILD_DIR}/${FRAMEWORKS_FOLDER_PATH}/TwitterCore.framework",
				"${TARGET_BUILD_DIR}/${FRAMEWORKS_FOLDER_PATH}/TwitterKit.framework",
				"${TARGET_BUILD_DIR}/${FRAMEWORKS_FOLDER_PATH}/GRPCClient.framework",
				"${TARGET_BUILD_DIR}/${FRAMEWORKS_FOLDER_PATH}/grpc.framework",
				"${TARGET_BUILD_DIR}/${FRAMEWORKS_FOLDER_PATH}/ProtoRPC.framework",
				"${TARGET_BUILD_DIR}/${FRAMEWORKS_FOLDER_PATH}/RxLibrary.framework",
				"${TARGET_BUILD_DIR}/${FRAMEWORKS_FOLDER_PATH}/leveldb.framework",
				"${TARGET_BUILD_DIR}/${FRAMEWORKS_FOLDER_PATH}/nanopb.framework",
			);
			runOnlyForDeploymentPostprocessing = 0;
			shellPath = /bin/sh;
			shellScript = "\"${SRCROOT}/Pods/Target Support Files/Pods-Lez/Pods-Lez-frameworks.sh\"\n";
			showEnvVarsInLog = 0;
		};
		658CEF3C52C2BD2EF0409815 /* [CP] Check Pods Manifest.lock */ = {
			isa = PBXShellScriptBuildPhase;
			buildActionMask = 2147483647;
			files = (
			);
			inputPaths = (
				"${PODS_PODFILE_DIR_PATH}/Podfile.lock",
				"${PODS_ROOT}/Manifest.lock",
			);
			name = "[CP] Check Pods Manifest.lock";
			outputPaths = (
				"$(DERIVED_FILE_DIR)/Pods-Lez-checkManifestLockResult.txt",
			);
			runOnlyForDeploymentPostprocessing = 0;
			shellPath = /bin/sh;
			shellScript = "diff \"${PODS_PODFILE_DIR_PATH}/Podfile.lock\" \"${PODS_ROOT}/Manifest.lock\" > /dev/null\nif [ $? != 0 ] ; then\n    # print error to STDERR\n    echo \"error: The sandbox is not in sync with the Podfile.lock. Run 'pod install' or update your CocoaPods installation.\" >&2\n    exit 1\nfi\n# This output is used by Xcode 'outputs' to avoid re-running this script phase.\necho \"SUCCESS\" > \"${SCRIPT_OUTPUT_FILE_0}\"\n";
			showEnvVarsInLog = 0;
		};
		CF682BE720B97C0500D3107E /* ShellScript */ = {
			isa = PBXShellScriptBuildPhase;
			buildActionMask = 2147483647;
			files = (
			);
			inputPaths = (
				"$(BUILT_PRODUCTS_DIR)/$(INFOPLIST_PATH)",
			);
			outputPaths = (
			);
			runOnlyForDeploymentPostprocessing = 0;
			shellPath = /bin/sh;
			shellScript = "\"${PODS_ROOT}/Fabric/run\"\n";
			showEnvVarsInLog = 0;
		};
		CFEC6D42211B1880001E373D /* ShellScript */ = {
			isa = PBXShellScriptBuildPhase;
			buildActionMask = 2147483647;
			files = (
			);
			inputPaths = (
			);
			outputPaths = (
			);
			runOnlyForDeploymentPostprocessing = 0;
			shellPath = /bin/sh;
			shellScript = "# Type a script or drag a script file from your workspace to insert its path.\n${PODS_ROOT}/Appsee/Appsee.framework/build\n";
		};
		D2F332E2687B28554C691DDB /* [CP] Check Pods Manifest.lock */ = {
			isa = PBXShellScriptBuildPhase;
			buildActionMask = 2147483647;
			files = (
			);
			inputPaths = (
				"${PODS_PODFILE_DIR_PATH}/Podfile.lock",
				"${PODS_ROOT}/Manifest.lock",
			);
			name = "[CP] Check Pods Manifest.lock";
			outputPaths = (
				"$(DERIVED_FILE_DIR)/Pods-LezTests-checkManifestLockResult.txt",
			);
			runOnlyForDeploymentPostprocessing = 0;
			shellPath = /bin/sh;
			shellScript = "diff \"${PODS_PODFILE_DIR_PATH}/Podfile.lock\" \"${PODS_ROOT}/Manifest.lock\" > /dev/null\nif [ $? != 0 ] ; then\n    # print error to STDERR\n    echo \"error: The sandbox is not in sync with the Podfile.lock. Run 'pod install' or update your CocoaPods installation.\" >&2\n    exit 1\nfi\n# This output is used by Xcode 'outputs' to avoid re-running this script phase.\necho \"SUCCESS\" > \"${SCRIPT_OUTPUT_FILE_0}\"\n";
			showEnvVarsInLog = 0;
		};
/* End PBXShellScriptBuildPhase section */

/* Begin PBXSourcesBuildPhase section */
		CF2DF1FF203C13170054CC1A /* Sources */ = {
			isa = PBXSourcesBuildPhase;
			buildActionMask = 2147483647;
			files = (
				CFE1E4ED206EB95A00A51D7A /* RegisterViewController.swift in Sources */,
				CFA7842C20A9F2B4000DA074 /* SliderCell.swift in Sources */,
				CFC4E8F82070EBD900D8B8FA /* FirestoreManager.swift in Sources */,
				CF8C5E002094C84F00538C67 /* Chat.swift in Sources */,
				CF425B4620679D8F00D6A1FE /* UserProfileFormViewController.swift in Sources */,
				CFDAE34F20B8647A0084A845 /* DeleteCell.swift in Sources */,
				CF1C6C55206F68650018DCD9 /* ChatViewController.swift in Sources */,
				CF1C6C53206F631A0018DCD9 /* ImageGalleryViewController.swift in Sources */,
				CF6CE927209CE12D00EED316 /* GetPremiumViewController.swift in Sources */,
				CFB7C4C42066C86B00114EC4 /* FilterViewController.swift in Sources */,
				A562B95F20EB834F0006AA22 /* UIViewController+Utility.swift in Sources */,
				CF11E905209EF545007E3D1D /* Protocols.swift in Sources */,
				CFE0BD672073DD810055FC73 /* CustomCells.swift in Sources */,
				CFF75A87206FF8E000D1F782 /* DefaultsManager.swift in Sources */,
				CF660D2020B96F040027E3AE /* Device.swift in Sources */,
				CF7C6C6520B2BFF700CEE0D1 /* AnalyticsManager.swift in Sources */,
				CF1C6C57206F68BE0018DCD9 /* ProfileViewController.swift in Sources */,
				CFB7C4C22066B15900114EC4 /* Extensions.swift in Sources */,
				CF360B402101E31800785124 /* CreateAccountViewController.swift in Sources */,
				CF7877F120A71685004E8693 /* ImagesViewController.swift in Sources */,
				CFF3676720AAF4E30092B948 /* PusherManager.swift in Sources */,
				CF9C7B9520A49B710044043B /* MatchViewController.swift in Sources */,
				CFF450AF20D6380F00A359AE /* Connectivity.swift in Sources */,
				CF2DF207203C13170054CC1A /* AppDelegate.swift in Sources */,
				CF1A78AE20C33D6F001245B3 /* PurchaseManager.swift in Sources */,
				CF3469A4204AD1B000550D3B /* CardFullscreenViewController.swift in Sources */,
				CF360B3E2100896000785124 /* EmailLoginViewController.swift in Sources */,
				CF8C5DFE2094C08C00538C67 /* MessagesViewController.swift in Sources */,
				CF04FAE3204161A7001CB034 /* User.swift in Sources */,
				CFA7842E20A9FC3F000DA074 /* CustomUIElements.swift in Sources */,
				CF1A78AC20C32FD2001245B3 /* Constants.swift in Sources */,
			);
			runOnlyForDeploymentPostprocessing = 0;
		};
		CF2DF213203C13180054CC1A /* Sources */ = {
			isa = PBXSourcesBuildPhase;
			buildActionMask = 2147483647;
			files = (
				CF2DF21C203C13180054CC1A /* LezTests.swift in Sources */,
			);
			runOnlyForDeploymentPostprocessing = 0;
		};
		CF2DF21E203C13180054CC1A /* Sources */ = {
			isa = PBXSourcesBuildPhase;
			buildActionMask = 2147483647;
			files = (
				CF2DF227203C13180054CC1A /* LezUITests.swift in Sources */,
			);
			runOnlyForDeploymentPostprocessing = 0;
		};
/* End PBXSourcesBuildPhase section */

/* Begin PBXTargetDependency section */
		CF2DF219203C13180054CC1A /* PBXTargetDependency */ = {
			isa = PBXTargetDependency;
			target = CF2DF202203C13170054CC1A /* Lez */;
			targetProxy = CF2DF218203C13180054CC1A /* PBXContainerItemProxy */;
		};
		CF2DF224203C13180054CC1A /* PBXTargetDependency */ = {
			isa = PBXTargetDependency;
			target = CF2DF202203C13170054CC1A /* Lez */;
			targetProxy = CF2DF223203C13180054CC1A /* PBXContainerItemProxy */;
		};
/* End PBXTargetDependency section */

/* Begin PBXVariantGroup section */
		CF2DF20F203C13170054CC1A /* LaunchScreen.storyboard */ = {
			isa = PBXVariantGroup;
			children = (
				CF2DF210203C13170054CC1A /* Base */,
			);
			name = LaunchScreen.storyboard;
			sourceTree = "<group>";
		};
/* End PBXVariantGroup section */

/* Begin XCBuildConfiguration section */
		CF2DF229203C13180054CC1A /* Debug */ = {
			isa = XCBuildConfiguration;
			buildSettings = {
				ALWAYS_SEARCH_USER_PATHS = NO;
				CLANG_ANALYZER_NONNULL = YES;
				CLANG_ANALYZER_NUMBER_OBJECT_CONVERSION = YES_AGGRESSIVE;
				CLANG_CXX_LANGUAGE_STANDARD = "gnu++14";
				CLANG_CXX_LIBRARY = "libc++";
				CLANG_ENABLE_MODULES = YES;
				CLANG_ENABLE_OBJC_ARC = YES;
				CLANG_WARN_BLOCK_CAPTURE_AUTORELEASING = YES;
				CLANG_WARN_BOOL_CONVERSION = YES;
				CLANG_WARN_COMMA = YES;
				CLANG_WARN_CONSTANT_CONVERSION = YES;
				CLANG_WARN_DEPRECATED_OBJC_IMPLEMENTATIONS = YES;
				CLANG_WARN_DIRECT_OBJC_ISA_USAGE = YES_ERROR;
				CLANG_WARN_DOCUMENTATION_COMMENTS = YES;
				CLANG_WARN_EMPTY_BODY = YES;
				CLANG_WARN_ENUM_CONVERSION = YES;
				CLANG_WARN_INFINITE_RECURSION = YES;
				CLANG_WARN_INT_CONVERSION = YES;
				CLANG_WARN_NON_LITERAL_NULL_CONVERSION = YES;
				CLANG_WARN_OBJC_IMPLICIT_RETAIN_SELF = YES;
				CLANG_WARN_OBJC_LITERAL_CONVERSION = YES;
				CLANG_WARN_OBJC_ROOT_CLASS = YES_ERROR;
				CLANG_WARN_RANGE_LOOP_ANALYSIS = YES;
				CLANG_WARN_STRICT_PROTOTYPES = YES;
				CLANG_WARN_SUSPICIOUS_MOVE = YES;
				CLANG_WARN_UNGUARDED_AVAILABILITY = YES_AGGRESSIVE;
				CLANG_WARN_UNREACHABLE_CODE = YES;
				CLANG_WARN__DUPLICATE_METHOD_MATCH = YES;
				CODE_SIGN_IDENTITY = "iPhone Developer";
				COPY_PHASE_STRIP = NO;
				DEBUG_INFORMATION_FORMAT = "dwarf-with-dsym";
				ENABLE_STRICT_OBJC_MSGSEND = YES;
				ENABLE_TESTABILITY = YES;
				GCC_C_LANGUAGE_STANDARD = gnu11;
				GCC_DYNAMIC_NO_PIC = NO;
				GCC_NO_COMMON_BLOCKS = YES;
				GCC_OPTIMIZATION_LEVEL = 0;
				GCC_PREPROCESSOR_DEFINITIONS = (
					"DEBUG=1",
					"$(inherited)",
				);
				GCC_WARN_64_TO_32_BIT_CONVERSION = YES;
				GCC_WARN_ABOUT_RETURN_TYPE = YES_ERROR;
				GCC_WARN_UNDECLARED_SELECTOR = YES;
				GCC_WARN_UNINITIALIZED_AUTOS = YES_AGGRESSIVE;
				GCC_WARN_UNUSED_FUNCTION = YES;
				GCC_WARN_UNUSED_VARIABLE = YES;
				IPHONEOS_DEPLOYMENT_TARGET = 11.2;
				LD_RUNPATH_SEARCH_PATHS = "$(inherited)";
				MTL_ENABLE_DEBUG_INFO = YES;
				ONLY_ACTIVE_ARCH = YES;
				SDKROOT = iphoneos;
				SWIFT_ACTIVE_COMPILATION_CONDITIONS = DEBUG;
				SWIFT_OPTIMIZATION_LEVEL = "-Onone";
			};
			name = Debug;
		};
		CF2DF22A203C13180054CC1A /* Release */ = {
			isa = XCBuildConfiguration;
			buildSettings = {
				ALWAYS_SEARCH_USER_PATHS = NO;
				CLANG_ANALYZER_NONNULL = YES;
				CLANG_ANALYZER_NUMBER_OBJECT_CONVERSION = YES_AGGRESSIVE;
				CLANG_CXX_LANGUAGE_STANDARD = "gnu++14";
				CLANG_CXX_LIBRARY = "libc++";
				CLANG_ENABLE_MODULES = YES;
				CLANG_ENABLE_OBJC_ARC = YES;
				CLANG_WARN_BLOCK_CAPTURE_AUTORELEASING = YES;
				CLANG_WARN_BOOL_CONVERSION = YES;
				CLANG_WARN_COMMA = YES;
				CLANG_WARN_CONSTANT_CONVERSION = YES;
				CLANG_WARN_DEPRECATED_OBJC_IMPLEMENTATIONS = YES;
				CLANG_WARN_DIRECT_OBJC_ISA_USAGE = YES_ERROR;
				CLANG_WARN_DOCUMENTATION_COMMENTS = YES;
				CLANG_WARN_EMPTY_BODY = YES;
				CLANG_WARN_ENUM_CONVERSION = YES;
				CLANG_WARN_INFINITE_RECURSION = YES;
				CLANG_WARN_INT_CONVERSION = YES;
				CLANG_WARN_NON_LITERAL_NULL_CONVERSION = YES;
				CLANG_WARN_OBJC_IMPLICIT_RETAIN_SELF = YES;
				CLANG_WARN_OBJC_LITERAL_CONVERSION = YES;
				CLANG_WARN_OBJC_ROOT_CLASS = YES_ERROR;
				CLANG_WARN_RANGE_LOOP_ANALYSIS = YES;
				CLANG_WARN_STRICT_PROTOTYPES = YES;
				CLANG_WARN_SUSPICIOUS_MOVE = YES;
				CLANG_WARN_UNGUARDED_AVAILABILITY = YES_AGGRESSIVE;
				CLANG_WARN_UNREACHABLE_CODE = YES;
				CLANG_WARN__DUPLICATE_METHOD_MATCH = YES;
				CODE_SIGN_IDENTITY = "iPhone Developer";
				COPY_PHASE_STRIP = NO;
				DEBUG_INFORMATION_FORMAT = "dwarf-with-dsym";
				ENABLE_NS_ASSERTIONS = NO;
				ENABLE_STRICT_OBJC_MSGSEND = YES;
				GCC_C_LANGUAGE_STANDARD = gnu11;
				GCC_NO_COMMON_BLOCKS = YES;
				GCC_WARN_64_TO_32_BIT_CONVERSION = YES;
				GCC_WARN_ABOUT_RETURN_TYPE = YES_ERROR;
				GCC_WARN_UNDECLARED_SELECTOR = YES;
				GCC_WARN_UNINITIALIZED_AUTOS = YES_AGGRESSIVE;
				GCC_WARN_UNUSED_FUNCTION = YES;
				GCC_WARN_UNUSED_VARIABLE = YES;
				IPHONEOS_DEPLOYMENT_TARGET = 11.2;
				LD_RUNPATH_SEARCH_PATHS = "$(inherited)";
				MTL_ENABLE_DEBUG_INFO = NO;
				SDKROOT = iphoneos;
				SWIFT_OPTIMIZATION_LEVEL = "-Owholemodule";
				VALIDATE_PRODUCT = YES;
			};
			name = Release;
		};
		CF2DF22C203C13180054CC1A /* Debug */ = {
			isa = XCBuildConfiguration;
			baseConfigurationReference = 6F497C3FC76F2570DAF9A63C /* Pods-Lez.debug.xcconfig */;
			buildSettings = {
				ASSETCATALOG_COMPILER_APPICON_NAME = AppIcon;
				CODE_SIGN_ENTITLEMENTS = Lez/Lez.entitlements;
				CODE_SIGN_STYLE = Automatic;
				CURRENT_PROJECT_VERSION = 42;
				DEVELOPMENT_TEAM = WNU245KFYF;
				INFOPLIST_FILE = Lez/Info.plist;
				IPHONEOS_DEPLOYMENT_TARGET = 11.0;
				LD_RUNPATH_SEARCH_PATHS = "$(inherited) @executable_path/Frameworks";
				PRODUCT_BUNDLE_IDENTIFIER = com.antonijapek.Lez;
				PRODUCT_NAME = "$(TARGET_NAME)";
				SWIFT_VERSION = 4.0;
				TARGETED_DEVICE_FAMILY = "1,2";
				VERSIONING_SYSTEM = "apple-generic";
			};
			name = Debug;
		};
		CF2DF22D203C13180054CC1A /* Release */ = {
			isa = XCBuildConfiguration;
			baseConfigurationReference = F33FC80E34843D888559C645 /* Pods-Lez.release.xcconfig */;
			buildSettings = {
				ASSETCATALOG_COMPILER_APPICON_NAME = AppIcon;
				CODE_SIGN_ENTITLEMENTS = Lez/Lez.entitlements;
				CODE_SIGN_STYLE = Automatic;
				CURRENT_PROJECT_VERSION = 42;
				DEVELOPMENT_TEAM = WNU245KFYF;
				INFOPLIST_FILE = Lez/Info.plist;
				IPHONEOS_DEPLOYMENT_TARGET = 11.0;
				LD_RUNPATH_SEARCH_PATHS = "$(inherited) @executable_path/Frameworks";
				PRODUCT_BUNDLE_IDENTIFIER = com.antonijapek.Lez;
				PRODUCT_NAME = "$(TARGET_NAME)";
				SWIFT_VERSION = 4.0;
				TARGETED_DEVICE_FAMILY = "1,2";
				VERSIONING_SYSTEM = "apple-generic";
			};
			name = Release;
		};
		CF2DF22F203C13180054CC1A /* Debug */ = {
			isa = XCBuildConfiguration;
			baseConfigurationReference = 995FD6F90C26925180360E10 /* Pods-LezTests.debug.xcconfig */;
			buildSettings = {
				ALWAYS_EMBED_SWIFT_STANDARD_LIBRARIES = YES;
				BUNDLE_LOADER = "$(TEST_HOST)";
				CODE_SIGN_STYLE = Automatic;
				DEVELOPMENT_TEAM = HSQYH8DFLS;
				INFOPLIST_FILE = LezTests/Info.plist;
				LD_RUNPATH_SEARCH_PATHS = "$(inherited) @executable_path/Frameworks @loader_path/Frameworks";
				PRODUCT_BUNDLE_IDENTIFIER = com.antonijapek.LezTests;
				PRODUCT_NAME = "$(TARGET_NAME)";
				SWIFT_VERSION = 4.0;
				TARGETED_DEVICE_FAMILY = "1,2";
				TEST_HOST = "$(BUILT_PRODUCTS_DIR)/Lez.app/Lez";
			};
			name = Debug;
		};
		CF2DF230203C13180054CC1A /* Release */ = {
			isa = XCBuildConfiguration;
			baseConfigurationReference = 79A1C20A816427E1E920B6D5 /* Pods-LezTests.release.xcconfig */;
			buildSettings = {
				ALWAYS_EMBED_SWIFT_STANDARD_LIBRARIES = YES;
				BUNDLE_LOADER = "$(TEST_HOST)";
				CODE_SIGN_STYLE = Automatic;
				DEVELOPMENT_TEAM = HSQYH8DFLS;
				INFOPLIST_FILE = LezTests/Info.plist;
				LD_RUNPATH_SEARCH_PATHS = "$(inherited) @executable_path/Frameworks @loader_path/Frameworks";
				PRODUCT_BUNDLE_IDENTIFIER = com.antonijapek.LezTests;
				PRODUCT_NAME = "$(TARGET_NAME)";
				SWIFT_VERSION = 4.0;
				TARGETED_DEVICE_FAMILY = "1,2";
				TEST_HOST = "$(BUILT_PRODUCTS_DIR)/Lez.app/Lez";
			};
			name = Release;
		};
		CF2DF232203C13180054CC1A /* Debug */ = {
			isa = XCBuildConfiguration;
			baseConfigurationReference = 6CAD6F3612BC20F2CE4285E3 /* Pods-LezUITests.debug.xcconfig */;
			buildSettings = {
				ALWAYS_EMBED_SWIFT_STANDARD_LIBRARIES = YES;
				CODE_SIGN_STYLE = Automatic;
				DEVELOPMENT_TEAM = HSQYH8DFLS;
				INFOPLIST_FILE = LezUITests/Info.plist;
				LD_RUNPATH_SEARCH_PATHS = "$(inherited) @executable_path/Frameworks @loader_path/Frameworks";
				PRODUCT_BUNDLE_IDENTIFIER = com.antonijapek.LezUITests;
				PRODUCT_NAME = "$(TARGET_NAME)";
				SWIFT_VERSION = 4.0;
				TARGETED_DEVICE_FAMILY = "1,2";
				TEST_TARGET_NAME = Lez;
			};
			name = Debug;
		};
		CF2DF233203C13180054CC1A /* Release */ = {
			isa = XCBuildConfiguration;
			baseConfigurationReference = B63A1FFF353B55FEA2A71D8E /* Pods-LezUITests.release.xcconfig */;
			buildSettings = {
				ALWAYS_EMBED_SWIFT_STANDARD_LIBRARIES = YES;
				CODE_SIGN_STYLE = Automatic;
				DEVELOPMENT_TEAM = HSQYH8DFLS;
				INFOPLIST_FILE = LezUITests/Info.plist;
				LD_RUNPATH_SEARCH_PATHS = "$(inherited) @executable_path/Frameworks @loader_path/Frameworks";
				PRODUCT_BUNDLE_IDENTIFIER = com.antonijapek.LezUITests;
				PRODUCT_NAME = "$(TARGET_NAME)";
				SWIFT_VERSION = 4.0;
				TARGETED_DEVICE_FAMILY = "1,2";
				TEST_TARGET_NAME = Lez;
			};
			name = Release;
		};
/* End XCBuildConfiguration section */

/* Begin XCConfigurationList section */
		CF2DF1FE203C13170054CC1A /* Build configuration list for PBXProject "Lez" */ = {
			isa = XCConfigurationList;
			buildConfigurations = (
				CF2DF229203C13180054CC1A /* Debug */,
				CF2DF22A203C13180054CC1A /* Release */,
			);
			defaultConfigurationIsVisible = 0;
			defaultConfigurationName = Release;
		};
		CF2DF22B203C13180054CC1A /* Build configuration list for PBXNativeTarget "Lez" */ = {
			isa = XCConfigurationList;
			buildConfigurations = (
				CF2DF22C203C13180054CC1A /* Debug */,
				CF2DF22D203C13180054CC1A /* Release */,
			);
			defaultConfigurationIsVisible = 0;
			defaultConfigurationName = Release;
		};
		CF2DF22E203C13180054CC1A /* Build configuration list for PBXNativeTarget "LezTests" */ = {
			isa = XCConfigurationList;
			buildConfigurations = (
				CF2DF22F203C13180054CC1A /* Debug */,
				CF2DF230203C13180054CC1A /* Release */,
			);
			defaultConfigurationIsVisible = 0;
			defaultConfigurationName = Release;
		};
		CF2DF231203C13180054CC1A /* Build configuration list for PBXNativeTarget "LezUITests" */ = {
			isa = XCConfigurationList;
			buildConfigurations = (
				CF2DF232203C13180054CC1A /* Debug */,
				CF2DF233203C13180054CC1A /* Release */,
			);
			defaultConfigurationIsVisible = 0;
			defaultConfigurationName = Release;
		};
/* End XCConfigurationList section */
	};
	rootObject = CF2DF1FB203C13170054CC1A /* Project object */;
}
